Microsoft Visual Studio Solution File, Format Version 12.00
# Visual Studio 2012
Project("{FAE04EC0-301F-11D3-BF4B-00C04F79EFBC}") = "Project Ensorcel", "Project Ensorcel.csproj", "{94592366-5D15-4A4D-A681-4AD52AD93B4D}"
EndProject
Global
	GlobalSection(SolutionConfigurationPlatforms) = preSolution
	Debug|Any CPU = Debug|Any CPU
	ExportDebug|Any CPU = ExportDebug|Any CPU
	ExportRelease|Any CPU = ExportRelease|Any CPU
	EndGlobalSection
	GlobalSection(ProjectConfigurationPlatforms) = postSolution
		{94592366-5D15-4A4D-A681-4AD52AD93B4D}.Debug|Any CPU.ActiveCfg = Debug|Any CPU
		{94592366-5D15-4A4D-A681-4AD52AD93B4D}.Debug|Any CPU.Build.0 = Debug|Any CPU
		{94592366-5D15-4A4D-A681-4AD52AD93B4D}.ExportDebug|Any CPU.ActiveCfg = ExportDebug|Any CPU
		{94592366-5D15-4A4D-A681-4AD52AD93B4D}.ExportDebug|Any CPU.Build.0 = ExportDebug|Any CPU
		{94592366-5D15-4A4D-A681-4AD52AD93B4D}.ExportRelease|Any CPU.ActiveCfg = ExportRelease|Any CPU
		{94592366-5D15-4A4D-A681-4AD52AD93B4D}.ExportRelease|Any CPU.Build.0 = ExportRelease|Any CPU
	EndGlobalSection
EndGlobal
